
Microsoft Visual Studio Solution File, Format Version 12.00
# Visual Studio Version 17
VisualStudioVersion = 17.8.34322.80
MinimumVisualStudioVersion = 10.0.40219.1
Project("{FAE04EC0-301F-11D3-BF4B-00C04F79EFBC}") = "02-Introduction_To_Strings", "02-Introduction_To_Strings\02-Introduction_To_Strings.csproj", "{FB85C91C-A44C-4D9F-AB41-C81E75EA5BF8}"
EndProject
Global
	GlobalSection(SolutionConfigurationPlatforms) = preSolution
		Debug|Any CPU = Debug|Any CPU
		Release|Any CPU = Release|Any CPU
	EndGlobalSection
	GlobalSection(ProjectConfigurationPlatforms) = postSolution
		{FB85C91C-A44C-4D9F-AB41-C81E75EA5BF8}.Debug|Any CPU.ActiveCfg = Debug|Any CPU
		{FB85C91C-A44C-4D9F-AB41-C81E75EA5BF8}.Debug|Any CPU.Build.0 = Debug|Any CPU
		{FB85C91C-A44C-4D9F-AB41-C81E75EA5BF8}.Release|Any CPU.ActiveCfg = Release|Any CPU
		{FB85C91C-A44C-4D9F-AB41-C81E75EA5BF8}.Release|Any CPU.Build.0 = Release|Any CPU
	EndGlobalSection
	GlobalSection(SolutionProperties) = preSolution
		HideSolutionNode = FALSE
	EndGlobalSection
	GlobalSection(ExtensibilityGlobals) = postSolution
		SolutionGuid = {818DAF0F-A3FC-4F2F-84BA-6CD0ACA44C2B}
	EndGlobalSection
EndGlobal
